
Microsoft Visual Studio Solution File, Format Version 12.00
# Visual Studio 15
VisualStudioVersion = 15.0.28307.438
MinimumVisualStudioVersion = 10.0.40219.1
Project("{9A19103F-16F7-4668-BE54-9A1E7A4F7556}") = "LongRunner", "LongRunner\LongRunner.csproj", "{410F40D7-56D0-4542-9261-48ADBF9F3E99}"
EndProject
Project("{9A19103F-16F7-4668-BE54-9A1E7A4F7556}") = "LongRunner.Autofac", "LongRunner.Autofac\LongRunner.Autofac.csproj", "{49D4D94C-35E7-4968-AF01-F1265F1A2FDF}"
EndProject
Project("{9A19103F-16F7-4668-BE54-9A1E7A4F7556}") = "LongRunner.ExampleApp", "LongRunner.ExampleApp\LongRunner.ExampleApp.csproj", "{B5629607-348A-4094-BC07-C88EF974D932}"
EndProject
Global
	GlobalSection(SolutionConfigurationPlatforms) = preSolution
		Debug|Any CPU = Debug|Any CPU
		Release|Any CPU = Release|Any CPU
	EndGlobalSection
	GlobalSection(ProjectConfigurationPlatforms) = postSolution
		{410F40D7-56D0-4542-9261-48ADBF9F3E99}.Debug|Any CPU.ActiveCfg = Debug|Any CPU
		{410F40D7-56D0-4542-9261-48ADBF9F3E99}.Debug|Any CPU.Build.0 = Debug|Any CPU
		{410F40D7-56D0-4542-9261-48ADBF9F3E99}.Release|Any CPU.ActiveCfg = Release|Any CPU
		{410F40D7-56D0-4542-9261-48ADBF9F3E99}.Release|Any CPU.Build.0 = Release|Any CPU
		{49D4D94C-35E7-4968-AF01-F1265F1A2FDF}.Debug|Any CPU.ActiveCfg = Debug|Any CPU
		{49D4D94C-35E7-4968-AF01-F1265F1A2FDF}.Debug|Any CPU.Build.0 = Debug|Any CPU
		{49D4D94C-35E7-4968-AF01-F1265F1A2FDF}.Release|Any CPU.ActiveCfg = Release|Any CPU
		{49D4D94C-35E7-4968-AF01-F1265F1A2FDF}.Release|Any CPU.Build.0 = Release|Any CPU
		{B5629607-348A-4094-BC07-C88EF974D932}.Debug|Any CPU.ActiveCfg = Debug|Any CPU
		{B5629607-348A-4094-BC07-C88EF974D932}.Debug|Any CPU.Build.0 = Debug|Any CPU
		{B5629607-348A-4094-BC07-C88EF974D932}.Release|Any CPU.ActiveCfg = Release|Any CPU
		{B5629607-348A-4094-BC07-C88EF974D932}.Release|Any CPU.Build.0 = Release|Any CPU
	EndGlobalSection
	GlobalSection(SolutionProperties) = preSolution
		HideSolutionNode = FALSE
	EndGlobalSection
	GlobalSection(ExtensibilityGlobals) = postSolution
		SolutionGuid = {7BFBFBB9-8125-4360-94E5-9BC9602FE83B}
	EndGlobalSection
EndGlobal
